
Microsoft Visual Studio Solution File, Format Version 12.00
# Visual Studio 15
VisualStudioVersion = 15.0.28307.779
MinimumVisualStudioVersion = 10.0.40219.1
Project("{8BC9CEB8-8B4A-11D0-8D11-00A0C91BC942}") = "Lexical Analysis", "Lexical Analysis\Lexical Analysis.vcxproj", "{304AF732-A4E3-45AD-8B82-A0585BAC21EC}"
EndProject
Global
	GlobalSection(SolutionConfigurationPlatforms) = preSolution
		Debug|x64 = Debug|x64
		Debug|x86 = Debug|x86
		Release|x64 = Release|x64
		Release|x86 = Release|x86
	EndGlobalSection
	GlobalSection(ProjectConfigurationPlatforms) = postSolution
		{304AF732-A4E3-45AD-8B82-A0585BAC21EC}.Debug|x64.ActiveCfg = Debug|x64
		{304AF732-A4E3-45AD-8B82-A0585BAC21EC}.Debug|x64.Build.0 = Debug|x64
		{304AF732-A4E3-45AD-8B82-A0585BAC21EC}.Debug|x86.ActiveCfg = Debug|Win32
		{304AF732-A4E3-45AD-8B82-A0585BAC21EC}.Debug|x86.Build.0 = Debug|Win32
		{304AF732-A4E3-45AD-8B82-A0585BAC21EC}.Release|x64.ActiveCfg = Release|x64
		{304AF732-A4E3-45AD-8B82-A0585BAC21EC}.Release|x64.Build.0 = Release|x64
		{304AF732-A4E3-45AD-8B82-A0585BAC21EC}.Release|x86.ActiveCfg = Release|Win32
		{304AF732-A4E3-45AD-8B82-A0585BAC21EC}.Release|x86.Build.0 = Release|Win32
	EndGlobalSection
	GlobalSection(SolutionProperties) = preSolution
		HideSolutionNode = FALSE
	EndGlobalSection
	GlobalSection(ExtensibilityGlobals) = postSolution
		SolutionGuid = {35DEE66C-3D27-4737-8E76-8E3EE8953E7D}
	EndGlobalSection
EndGlobal
